{
  "name": "@forest/protocol-2",
  "version": "0.0.0",
  "lockfileVersion": 3,
  "requires": true,
  "packages": {
    "": {
      "name": "@forest/protocol-2",
      "version": "0.0.0",
      "license": "Apache-2.0",
      "dependencies": {
        "@hpke/core": "1.9.0",
        "@hpke/dhkem-x25519": "1.8.0",
        "@ipld/dag-cbor": "10.0.2",
        "@noble/curves": "2.4.0",
        "@noble/hashes": "2.4.0",
        "@scure/base": "2.4.0",
        "dns-packet": "5.6.1",
        "multiformats": "14.0.5"
      },
      "devDependencies": {
        "@atproto/lexicon": "0.7.15",
        "@types/dns-packet": "5.6.5",
        "@types/node": "22.20.2",
        "typescript": "5.9.3"
      }
    },
    "node_modules/@atproto/common-web": {
      "version": "0.5.13",
      "resolved": "https://registry.npmjs.org/@atproto/common-web/-/common-web-0.5.13.tgz",
      "integrity": "sha512-TSVba26vsgeYqeE6BKrvomEbzRJPiRkmVfakfJxqoEWAwxrWfvXvKSwGkPIY57kw5g2gHpKxPIM0v+DqarWKEw==",
      "dev": true,
      "license": "MIT",
      "dependencies": {
        "@atproto/lex-data": "^0.1.7",
        "@atproto/lex-json": "^0.1.6",
        "@atproto/syntax": "^0.7.6",
        "zod": "^3.23.8"
      },
      "engines": {
        "node": ">=22"
      }
    },
    "node_modules/@atproto/lex-data": {
      "version": "0.1.7",
      "resolved": "https://registry.npmjs.org/@atproto/lex-data/-/lex-data-0.1.7.tgz",
      "integrity": "sha512-kW/dPLqo/WgCLV+XESR4JKwV6c1rZWJGOfuPupZGTjEDAKoBbKXdaEzX9/1vKQYbZ9U3j0DS/n7OFFK7wBugyQ==",
      "dev": true,
      "license": "MIT",
      "dependencies": {
        "multiformats": "^13.0.0",
        "tslib": "^2.8.1",
        "unicode-segmenter": "^0.14.0"
      },
      "engines": {
        "node": ">=22"
      }
    },
    "node_modules/@atproto/lex-data/node_modules/multiformats": {
      "version": "13.4.2",
      "resolved": "https://registry.npmjs.org/multiformats/-/multiformats-13.4.2.tgz",
      "integrity": "sha512-eh6eHCrRi1+POZ3dA+Dq1C6jhP1GNtr9CRINMb67OKzqW9I5DUuZM/3jLPlzhgpGeiNUlEGEbkCYChXMCc/8DQ==",
      "dev": true,
      "license": "Apache-2.0 OR MIT"
    },
    "node_modules/@atproto/lex-json": {
      "version": "0.1.6",
      "resolved": "https://registry.npmjs.org/@atproto/lex-json/-/lex-json-0.1.6.tgz",
      "integrity": "sha512-mvrAd0lbyuecIHjyld8QN6MN6CBf4j0GCxLzegsvLh0SvDf+GbYWklkcQqmITL44yFQOwmA/QNIQj0Uvh7+R/g==",
      "dev": true,
      "license": "MIT",
      "dependencies": {
        "@atproto/lex-data": "^0.1.7",
        "tslib": "^2.8.1"
      },
      "engines": {
        "node": ">=22"
      }
    },
    "node_modules/@atproto/lexicon": {
      "version": "0.7.15",
      "resolved": "https://registry.npmjs.org/@atproto/lexicon/-/lexicon-0.7.15.tgz",
      "integrity": "sha512-VAiXSHY12hqFYevassyVlWXDxs88ya9jS6DhGc93QbxOQbKasy8yWtxzG3oMiSLQaN+hOuqZUw4kSySLZgR2/w==",
      "dev": true,
      "license": "MIT",
      "dependencies": {
        "@atproto/common-web": "^0.5.13",
        "@atproto/syntax": "^0.7.6",
        "multiformats": "^13.0.0",
        "zod": "^3.23.8"
      },
      "engines": {
        "node": ">=22"
      }
    },
    "node_modules/@atproto/lexicon/node_modules/multiformats": {
      "version": "13.4.2",
      "resolved": "https://registry.npmjs.org/multiformats/-/multiformats-13.4.2.tgz",
      "integrity": "sha512-eh6eHCrRi1+POZ3dA+Dq1C6jhP1GNtr9CRINMb67OKzqW9I5DUuZM/3jLPlzhgpGeiNUlEGEbkCYChXMCc/8DQ==",
      "dev": true,
      "license": "Apache-2.0 OR MIT"
    },
    "node_modules/@atproto/syntax": {
      "version": "0.7.6",
      "resolved": "https://registry.npmjs.org/@atproto/syntax/-/syntax-0.7.6.tgz",
      "integrity": "sha512-luKQTcWw1H1jLmYvX34ldBqNjz2orF082njmcF9fxbWTqVhsO+TpY0FHRKVPoV7dwL0Y3L16DNz1ma0LFGH25g==",
      "dev": true,
      "license": "MIT",
      "dependencies": {
        "iso-datestring-validator": "^2.2.2",
        "tslib": "^2.8.1"
      },
      "engines": {
        "node": ">=22"
      }
    },
    "node_modules/@hpke/common": {
      "version": "1.10.1",
      "resolved": "https://registry.npmjs.org/@hpke/common/-/common-1.10.1.tgz",
      "integrity": "sha512-moJwhmtLtuxiUzzNp1jpfBfx8yefKoO9D/RCR9dmwrnc7qjJqId1rEtQz+lSlU5cabX8daToMSx/7HayXOiaFw==",
      "license": "MIT",
      "engines": {
        "node": ">=16.0.0"
      }
    },
    "node_modules/@hpke/core": {
      "version": "1.9.0",
      "resolved": "https://registry.npmjs.org/@hpke/core/-/core-1.9.0.tgz",
      "integrity": "sha512-pFxWl1nNJeQCSUFs7+GAblHvXBCjn9EPN65vdKlYQil2aURaRxfGMO6vBKGqm1YHTKwiAxJQNEI70PbSowMP9Q==",
      "license": "MIT",
      "dependencies": {
        "@hpke/common": "^1.10.0"
      },
      "engines": {
        "node": ">=16.0.0"
      }
    },
    "node_modules/@hpke/dhkem-x25519": {
      "version": "1.8.0",
      "resolved": "https://registry.npmjs.org/@hpke/dhkem-x25519/-/dhkem-x25519-1.8.0.tgz",
      "integrity": "sha512-S1MWWkAfu+TFxySgv5+2P3O4Mx/jk7BsoplzQaA1s3sfUJVJ2UsZsSzSsMc+FXJumLXncoJFlO6mK6mDGspfmA==",
      "license": "MIT",
      "dependencies": {
        "@hpke/common": "^1.10.0"
      },
      "engines": {
        "node": ">=16.0.0"
      }
    },
    "node_modules/@ipld/dag-cbor": {
      "version": "10.0.2",
      "resolved": "https://registry.npmjs.org/@ipld/dag-cbor/-/dag-cbor-10.0.2.tgz",
      "integrity": "sha512-1eCD4YMTlkx5i36oQUmeAojLS/wu+XCd1Gs31BA0afk0TaVkhnyMofIAT/pi0wV3HS3/G7QSN/1NibhiksMyZQ==",
      "license": "Apache-2.0 OR MIT",
      "dependencies": {
        "cborg": "^6.1.1",
        "multiformats": "^14.0.0"
      }
    },
    "node_modules/@leichtgewicht/ip-codec": {
      "version": "2.0.5",
      "resolved": "https://registry.npmjs.org/@leichtgewicht/ip-codec/-/ip-codec-2.0.5.tgz",
      "integrity": "sha512-Vo+PSpZG2/fmgmiNzYK9qWRh8h/CHrwD0mo1h1DzL4yzHNSfWYujGTYsWGreD000gcgmZ7K4Ys6Tx9TxtsKdDw==",
      "license": "MIT"
    },
    "node_modules/@noble/curves": {
      "version": "2.4.0",
      "resolved": "https://registry.npmjs.org/@noble/curves/-/curves-2.4.0.tgz",
      "integrity": "sha512-P4/62zrgfH33CneE3Dn4WhJVA22YUU0eR51wKIan4NVRvwsA0YnPTwWGpNbpuacSujmSFLvyzpyuR30+fbq2Ew==",
      "license": "MIT",
      "dependencies": {
        "@noble/hashes": "2.4.0"
      },
      "engines": {
        "node": ">= 20.19.0"
      },
      "funding": {
        "url": "https://paulmillr.com/funding/"
      }
    },
    "node_modules/@noble/hashes": {
      "version": "2.4.0",
      "resolved": "https://registry.npmjs.org/@noble/hashes/-/hashes-2.4.0.tgz",
      "integrity": "sha512-X5XaVWZIBCT7HHZGm5I7ZQXDwLG+bGXuSrMQAW+7Zvl87h1kmc1ZB1VSRJcpUfoUrGQp4Fkoxm5kZ+Ms+aW+eA==",
      "license": "MIT",
      "engines": {
        "node": ">= 20.19.0"
      },
      "funding": {
        "url": "https://paulmillr.com/funding/"
      }
    },
    "node_modules/@scure/base": {
      "version": "2.4.0",
      "resolved": "https://registry.npmjs.org/@scure/base/-/base-2.4.0.tgz",
      "integrity": "sha512-thZ1TuJwFwBblOhgsjDKvvGirBxNp+wSvY/DR6tJBJOTDhdAAcHJ8Vbr2eFnqaxeca4+t0i9KBf+uHYGWwZORg==",
      "license": "MIT",
      "funding": {
        "url": "https://paulmillr.com/funding/"
      }
    },
    "node_modules/@types/dns-packet": {
      "version": "5.6.5",
      "resolved": "https://registry.npmjs.org/@types/dns-packet/-/dns-packet-5.6.5.tgz",
      "integrity": "sha512-qXOC7XLOEe43ehtWJCMnQXvgcIpv6rPmQ1jXT98Ad8A3TB1Ue50jsCbSSSyuazScEuZ/Q026vHbrOTVkmwA+7Q==",
      "dev": true,
      "license": "MIT",
      "dependencies": {
        "@types/node": "*"
      }
    },
    "node_modules/@types/node": {
      "version": "22.20.2",
      "resolved": "https://registry.npmjs.org/@types/node/-/node-22.20.2.tgz",
      "integrity": "sha512-xlvWf4Vs9n1PEVYwP1n4vvG07M6y8WgvJ2t0vbrWTmijsIHp1cS+uJ2kMIRdY3nHZK0nCYKrPeD171+SzF4/zw==",
      "dev": true,
      "license": "MIT",
      "dependencies": {
        "undici-types": "~6.21.0"
      }
    },
    "node_modules/cborg": {
      "version": "6.1.2",
      "resolved": "https://registry.npmjs.org/cborg/-/cborg-6.1.2.tgz",
      "integrity": "sha512-hQfFh6FuuCDoycN68FtUpjtQx5kCtxOLA8msbpJZxjtxaMqxgHl+4GNwO+0YexH/lHmVzhhAKa0ua+vtmTRoVw==",
      "license": "Apache-2.0",
      "bin": {
        "cborg": "lib/bin.js"
      }
    },
    "node_modules/dns-packet": {
      "version": "5.6.1",
      "resolved": "https://registry.npmjs.org/dns-packet/-/dns-packet-5.6.1.tgz",
      "integrity": "sha512-l4gcSouhcgIKRvyy99RNVOgxXiicE+2jZoNmaNmZ6JXiGajBOJAesk1OBlJuM5k2c+eudGdLxDqXuPCKIj6kpw==",
      "license": "MIT",
      "dependencies": {
        "@leichtgewicht/ip-codec": "^2.0.1"
      },
      "engines": {
        "node": ">=6"
      }
    },
    "node_modules/iso-datestring-validator": {
      "version": "2.2.2",
      "resolved": "https://registry.npmjs.org/iso-datestring-validator/-/iso-datestring-validator-2.2.2.tgz",
      "integrity": "sha512-yLEMkBbLZTlVQqOnQ4FiMujR6T4DEcCb1xizmvXS+OxuhwcbtynoosRzdMA69zZCShCNAbi+gJ71FxZBBXx1SA==",
      "dev": true,
      "license": "MIT"
    },
    "node_modules/multiformats": {
      "version": "14.0.5",
      "resolved": "https://registry.npmjs.org/multiformats/-/multiformats-14.0.5.tgz",
      "integrity": "sha512-vbIm83F2yZ1pWJGS0yl0ysracIvv56LtbrIyiIQHoLdYDJOMoLfVFsXhh9DUH4SFdkdkFhucyWniihsNzVEjkQ==",
      "license": "Apache-2.0 OR MIT"
    },
    "node_modules/tslib": {
      "version": "2.8.1",
      "resolved": "https://registry.npmjs.org/tslib/-/tslib-2.8.1.tgz",
      "integrity": "sha512-oJFu94HQb+KVduSUQL7wnpmqnfmLsOA/nAh6b6EH0wCEoK0/mPeXU6c3wKDV83MkOuHPRHtSXKKU99IBazS/2w==",
      "dev": true,
      "license": "0BSD"
    },
    "node_modules/typescript": {
      "version": "5.9.3",
      "resolved": "https://registry.npmjs.org/typescript/-/typescript-5.9.3.tgz",
      "integrity": "sha512-jl1vZzPDinLr9eUt3J/t7V6FgNEw9QjvBPdysz9KfQDD41fQrC2Y4vKQdiaUpFT4bXlb1RHhLpp8wtm6M5TgSw==",
      "dev": true,
      "license": "Apache-2.0",
      "bin": {
        "tsc": "bin/tsc",
        "tsserver": "bin/tsserver"
      },
      "engines": {
        "node": ">=14.17"
      }
    },
    "node_modules/undici-types": {
      "version": "6.21.0",
      "resolved": "https://registry.npmjs.org/undici-types/-/undici-types-6.21.0.tgz",
      "integrity": "sha512-iwDZqg0QAGrg9Rav5H4n0M64c3mkR59cJ6wQp+7C4nI0gsmExaedaYLNO44eT4AtBBwjbTiGPMlt2Md0T9H9JQ==",
      "dev": true,
      "license": "MIT"
    },
    "node_modules/unicode-segmenter": {
      "version": "0.14.5",
      "resolved": "https://registry.npmjs.org/unicode-segmenter/-/unicode-segmenter-0.14.5.tgz",
      "integrity": "sha512-jHGmj2LUuqDcX3hqY12Ql+uhUTn8huuxNZGq7GvtF6bSybzH3aFgedYu/KTzQStEgt1Ra2F3HxadNXsNjb3m3g==",
      "dev": true,
      "license": "MIT"
    },
    "node_modules/zod": {
      "version": "3.25.76",
      "resolved": "https://registry.npmjs.org/zod/-/zod-3.25.76.tgz",
      "integrity": "sha512-gzUt/qt81nXsFGKIFcC3YnfEAx5NkunCfnDlvuBSSFS02bcXu4Lmea0AFIUwbLWxWPx3d9p8S5QoaujKcNQxcQ==",
      "dev": true,
      "license": "MIT",
      "funding": {
        "url": "https://github.com/sponsors/colinhacks"
      }
    }
  }
}
