{
  "name": "@forest/records",
  "version": "0.0.0",
  "lockfileVersion": 3,
  "requires": true,
  "packages": {
    "": {
      "name": "@forest/records",
      "version": "0.0.0",
      "license": "Apache-2.0",
      "dependencies": {
        "@noble/curves": "2.4.0",
        "@noble/hashes": "2.4.0",
        "@scure/base": "2.4.0",
        "age-encryption": "0.3.1",
        "canonicalize": "5.1.0"
      },
      "devDependencies": {
        "@scure/bip39": "2.4.0",
        "@solana/transaction-messages": "8.4.0",
        "@types/node": "22.20.2",
        "ajv": "8.20.0",
        "ajv-formats": "3.0.1",
        "typescript": "5.9.3"
      },
      "engines": {
        "node": ">=22.18"
      }
    },
    "node_modules/@noble/ciphers": {
      "version": "2.4.0",
      "resolved": "https://registry.npmjs.org/@noble/ciphers/-/ciphers-2.4.0.tgz",
      "integrity": "sha512-AnjFn0Jv92laAkvMrghlFZq4qQCIN/4DxFV/eooqtC2YTjB7kBeLMS2T9KJX4Dn+ZVXLOwK0lSgqDtx9gvxtiw==",
      "license": "MIT",
      "engines": {
        "node": ">= 20.19.0"
      },
      "funding": {
        "url": "https://paulmillr.com/funding/"
      }
    },
    "node_modules/@noble/curves": {
      "version": "2.4.0",
      "resolved": "https://registry.npmjs.org/@noble/curves/-/curves-2.4.0.tgz",
      "integrity": "sha512-P4/62zrgfH33CneE3Dn4WhJVA22YUU0eR51wKIan4NVRvwsA0YnPTwWGpNbpuacSujmSFLvyzpyuR30+fbq2Ew==",
      "license": "MIT",
      "dependencies": {
        "@noble/hashes": "2.4.0"
      },
      "engines": {
        "node": ">= 20.19.0"
      },
      "funding": {
        "url": "https://paulmillr.com/funding/"
      }
    },
    "node_modules/@noble/hashes": {
      "version": "2.4.0",
      "resolved": "https://registry.npmjs.org/@noble/hashes/-/hashes-2.4.0.tgz",
      "integrity": "sha512-X5XaVWZIBCT7HHZGm5I7ZQXDwLG+bGXuSrMQAW+7Zvl87h1kmc1ZB1VSRJcpUfoUrGQp4Fkoxm5kZ+Ms+aW+eA==",
      "license": "MIT",
      "engines": {
        "node": ">= 20.19.0"
      },
      "funding": {
        "url": "https://paulmillr.com/funding/"
      }
    },
    "node_modules/@noble/post-quantum": {
      "version": "0.5.4",
      "resolved": "https://registry.npmjs.org/@noble/post-quantum/-/post-quantum-0.5.4.tgz",
      "integrity": "sha512-leww0zzIirrvwaYMPI9fj6aRIlA/c6Y0/lifQQ1YOOyHEr0MNH3yYpjXeiVG+tWdPps4XxGclFWX2INPO3Yo5w==",
      "license": "MIT",
      "dependencies": {
        "@noble/curves": "~2.0.0",
        "@noble/hashes": "~2.0.0"
      },
      "engines": {
        "node": ">= 20.19.0"
      },
      "funding": {
        "url": "https://paulmillr.com/funding/"
      }
    },
    "node_modules/@noble/post-quantum/node_modules/@noble/curves": {
      "version": "2.0.1",
      "resolved": "https://registry.npmjs.org/@noble/curves/-/curves-2.0.1.tgz",
      "integrity": "sha512-vs1Az2OOTBiP4q0pwjW5aF0xp9n4MxVrmkFBxc6EKZc6ddYx5gaZiAsZoq0uRRXWbi3AT/sBqn05eRPtn1JCPw==",
      "license": "MIT",
      "dependencies": {
        "@noble/hashes": "2.0.1"
      },
      "engines": {
        "node": ">= 20.19.0"
      },
      "funding": {
        "url": "https://paulmillr.com/funding/"
      }
    },
    "node_modules/@noble/post-quantum/node_modules/@noble/hashes": {
      "version": "2.0.1",
      "resolved": "https://registry.npmjs.org/@noble/hashes/-/hashes-2.0.1.tgz",
      "integrity": "sha512-XlOlEbQcE9fmuXxrVTXCTlG2nlRXa9Rj3rr5Ue/+tX+nmkgbX720YHh0VR3hBF9xDvwnb8D2shVGOwNx+ulArw==",
      "license": "MIT",
      "engines": {
        "node": ">= 20.19.0"
      },
      "funding": {
        "url": "https://paulmillr.com/funding/"
      }
    },
    "node_modules/@scure/base": {
      "version": "2.4.0",
      "resolved": "https://registry.npmjs.org/@scure/base/-/base-2.4.0.tgz",
      "integrity": "sha512-thZ1TuJwFwBblOhgsjDKvvGirBxNp+wSvY/DR6tJBJOTDhdAAcHJ8Vbr2eFnqaxeca4+t0i9KBf+uHYGWwZORg==",
      "license": "MIT",
      "funding": {
        "url": "https://paulmillr.com/funding/"
      }
    },
    "node_modules/@scure/bip39": {
      "version": "2.4.0",
      "resolved": "https://registry.npmjs.org/@scure/bip39/-/bip39-2.4.0.tgz",
      "integrity": "sha512-82dxFbZUYboyOf0AXiydsQrFQ5Q4h9mX+O2UkE91ROYmsc0BKMGZLwDmy96Jpa2+vrtoxomjUhy1RPIgH/r2nA==",
      "dev": true,
      "license": "MIT",
      "dependencies": {
        "@noble/hashes": "2.4.0"
      },
      "funding": {
        "url": "https://paulmillr.com/funding/"
      }
    },
    "node_modules/@solana/addresses": {
      "version": "8.4.0",
      "resolved": "https://registry.npmjs.org/@solana/addresses/-/addresses-8.4.0.tgz",
      "integrity": "sha512-5nF1AAaCtmaSEHcFIIs6TPMIWplaYBxeJ2ZR0z5oPIY+fjpWb9lxCuJyYQxYKHIvp4OdSiueW0q11yXrnyqM+A==",
      "dev": true,
      "license": "MIT",
      "dependencies": {
        "@solana/assertions": "8.4.0",
        "@solana/codecs-core": "8.4.0",
        "@solana/codecs-strings": "8.4.0",
        "@solana/errors": "8.4.0",
        "@solana/nominal-types": "8.4.0"
      },
      "engines": {
        "node": ">=20.18.0"
      },
      "peerDependencies": {
        "typescript": ">=5.4.0"
      },
      "peerDependenciesMeta": {
        "typescript": {
          "optional": true
        }
      }
    },
    "node_modules/@solana/assertions": {
      "version": "8.4.0",
      "resolved": "https://registry.npmjs.org/@solana/assertions/-/assertions-8.4.0.tgz",
      "integrity": "sha512-Pg/PKw/fA+KIHp6X6aGx4fIkr6S7k7wUw7v8Rkr3TkY4tzrbjZDnXEgv1/8dxGh+IX3UNb+5stD8rtAAscxW1g==",
      "dev": true,
      "license": "MIT",
      "dependencies": {
        "@solana/errors": "8.4.0"
      },
      "engines": {
        "node": ">=20.18.0"
      },
      "peerDependencies": {
        "typescript": ">=5.4.0"
      },
      "peerDependenciesMeta": {
        "typescript": {
          "optional": true
        }
      }
    },
    "node_modules/@solana/codecs-core": {
      "version": "8.4.0",
      "resolved": "https://registry.npmjs.org/@solana/codecs-core/-/codecs-core-8.4.0.tgz",
      "integrity": "sha512-HOsIB3Ic/qnlXv4V0Q5gpxFxBy5pBiINpEMtCzGtHRnj7mI3Amsh8HKR7x9nbP1SBDuDlOrP/Mds9yIqyKn8TQ==",
      "dev": true,
      "license": "MIT",
      "dependencies": {
        "@solana/errors": "8.4.0"
      },
      "engines": {
        "node": ">=20.18.0"
      },
      "peerDependencies": {
        "typescript": ">=5.4.0"
      },
      "peerDependenciesMeta": {
        "typescript": {
          "optional": true
        }
      }
    },
    "node_modules/@solana/codecs-data-structures": {
      "version": "8.4.0",
      "resolved": "https://registry.npmjs.org/@solana/codecs-data-structures/-/codecs-data-structures-8.4.0.tgz",
      "integrity": "sha512-qx9EnKGZzpiNonUoYNMZC4gfw86jfu4uShh0bcWb1o9dPU1kgZ/xCsCgTRf/5WEPZU2fbPNGtvVMr4dKWCTjzw==",
      "dev": true,
      "license": "MIT",
      "dependencies": {
        "@solana/codecs-core": "8.4.0",
        "@solana/codecs-numbers": "8.4.0",
        "@solana/errors": "8.4.0"
      },
      "engines": {
        "node": ">=20.18.0"
      },
      "peerDependencies": {
        "typescript": ">=5.4.0"
      },
      "peerDependenciesMeta": {
        "typescript": {
          "optional": true
        }
      }
    },
    "node_modules/@solana/codecs-numbers": {
      "version": "8.4.0",
      "resolved": "https://registry.npmjs.org/@solana/codecs-numbers/-/codecs-numbers-8.4.0.tgz",
      "integrity": "sha512-A9SlaBylkTFjtBiVrFUX3We5SZK4L/Q6SKpPyazZQ1MTCO0FyTuKyZwDART2Pzg+C/5xLWjSns+FSTR8FhD/Rg==",
      "dev": true,
      "license": "MIT",
      "dependencies": {
        "@solana/codecs-core": "8.4.0",
        "@solana/errors": "8.4.0"
      },
      "engines": {
        "node": ">=20.18.0"
      },
      "peerDependencies": {
        "typescript": ">=5.4.0"
      },
      "peerDependenciesMeta": {
        "typescript": {
          "optional": true
        }
      }
    },
    "node_modules/@solana/codecs-strings": {
      "version": "8.4.0",
      "resolved": "https://registry.npmjs.org/@solana/codecs-strings/-/codecs-strings-8.4.0.tgz",
      "integrity": "sha512-jQhRrJT3ZoeDoSA5DtGxPmI5ODJi3STTCrtIXIniLr1J1cXUSlPfYe8BKOurNwC+SlEJyRmKfpVze+qeLacmmw==",
      "dev": true,
      "license": "MIT",
      "dependencies": {
        "@solana/codecs-core": "8.4.0",
        "@solana/codecs-numbers": "8.4.0",
        "@solana/errors": "8.4.0"
      },
      "engines": {
        "node": ">=20.18.0"
      },
      "peerDependencies": {
        "fastestsmallesttextencoderdecoder": "^1.0.22",
        "typescript": ">=5.4.0"
      },
      "peerDependenciesMeta": {
        "fastestsmallesttextencoderdecoder": {
          "optional": true
        },
        "typescript": {
          "optional": true
        }
      }
    },
    "node_modules/@solana/errors": {
      "version": "8.4.0",
      "resolved": "https://registry.npmjs.org/@solana/errors/-/errors-8.4.0.tgz",
      "integrity": "sha512-t59ageeK8xa6LrCzj93QEhYtVr5t3GdnTH3qJMGqrCFMYM6IvNFLljlz4N75X+xYktj3sRABTrNoCfekeQlckA==",
      "dev": true,
      "license": "MIT",
      "dependencies": {
        "chalk": "5.6.2",
        "commander": "15.0.0"
      },
      "bin": {
        "errors": "bin/cli.mjs"
      },
      "engines": {
        "node": ">=20.18.0"
      },
      "peerDependencies": {
        "typescript": ">=5.4.0"
      },
      "peerDependenciesMeta": {
        "typescript": {
          "optional": true
        }
      }
    },
    "node_modules/@solana/fixed-points": {
      "version": "8.4.0",
      "resolved": "https://registry.npmjs.org/@solana/fixed-points/-/fixed-points-8.4.0.tgz",
      "integrity": "sha512-YzWZDPn3B6o3j+leuOhxH7Soip12NJVx5lJaRpEeBB4AcJczTiKGCQMSsxQglGSRHc0jwfrH4+Uxla1BlCkgBg==",
      "dev": true,
      "license": "MIT",
      "dependencies": {
        "@solana/codecs-core": "8.4.0",
        "@solana/errors": "8.4.0"
      },
      "engines": {
        "node": ">=20.18.0"
      },
      "peerDependencies": {
        "typescript": ">=5.4.0"
      },
      "peerDependenciesMeta": {
        "typescript": {
          "optional": true
        }
      }
    },
    "node_modules/@solana/functional": {
      "version": "8.4.0",
      "resolved": "https://registry.npmjs.org/@solana/functional/-/functional-8.4.0.tgz",
      "integrity": "sha512-q5pEoqAtEGFsJXK3mnlemLinzRJHvOMjGmuLoWU6c33NQHjfpTEz80hjnRA25BABMLC0l/vhymeLh+YhUv/szw==",
      "dev": true,
      "license": "MIT",
      "engines": {
        "node": ">=20.18.0"
      },
      "peerDependencies": {
        "typescript": ">=5.4.0"
      },
      "peerDependenciesMeta": {
        "typescript": {
          "optional": true
        }
      }
    },
    "node_modules/@solana/instructions": {
      "version": "8.4.0",
      "resolved": "https://registry.npmjs.org/@solana/instructions/-/instructions-8.4.0.tgz",
      "integrity": "sha512-muT/BBKDTl0UsHsnKySVaNBWIcHbs8nn8nOd1GI9J0OvX4gV/pNtaJfrEW+ETX9SjcIB4AcBQZsIr3LjavvrKQ==",
      "dev": true,
      "license": "MIT",
      "dependencies": {
        "@solana/codecs-core": "8.4.0",
        "@solana/errors": "8.4.0"
      },
      "engines": {
        "node": ">=20.18.0"
      },
      "peerDependencies": {
        "typescript": ">=5.4.0"
      },
      "peerDependenciesMeta": {
        "typescript": {
          "optional": true
        }
      }
    },
    "node_modules/@solana/nominal-types": {
      "version": "8.4.0",
      "resolved": "https://registry.npmjs.org/@solana/nominal-types/-/nominal-types-8.4.0.tgz",
      "integrity": "sha512-01LNXtH3THaR0SFXbJ9iXhaZAVBfLJoHWYC/x2GdNIontc45qMX8wFtglZe4RaT528/kre6J+f+4NGGGd4+YPA==",
      "dev": true,
      "license": "MIT",
      "engines": {
        "node": ">=20.18.0"
      },
      "peerDependencies": {
        "typescript": ">=5.4.0"
      },
      "peerDependenciesMeta": {
        "typescript": {
          "optional": true
        }
      }
    },
    "node_modules/@solana/rpc-types": {
      "version": "8.4.0",
      "resolved": "https://registry.npmjs.org/@solana/rpc-types/-/rpc-types-8.4.0.tgz",
      "integrity": "sha512-orCi24z9u7AdaozJfgtXwdwHErQy5vO3h6/wCBd/W0bWsfRXiCCWqJcZJqyoZvl1y0oESGEkZR0CzrpedyaAqg==",
      "dev": true,
      "license": "MIT",
      "dependencies": {
        "@solana/addresses": "8.4.0",
        "@solana/codecs-core": "8.4.0",
        "@solana/codecs-numbers": "8.4.0",
        "@solana/codecs-strings": "8.4.0",
        "@solana/errors": "8.4.0",
        "@solana/fixed-points": "8.4.0",
        "@solana/nominal-types": "8.4.0"
      },
      "engines": {
        "node": ">=20.18.0"
      },
      "peerDependencies": {
        "typescript": ">=5.4.0"
      },
      "peerDependenciesMeta": {
        "typescript": {
          "optional": true
        }
      }
    },
    "node_modules/@solana/transaction-messages": {
      "version": "8.4.0",
      "resolved": "https://registry.npmjs.org/@solana/transaction-messages/-/transaction-messages-8.4.0.tgz",
      "integrity": "sha512-LdihUr4z6bAIv44z13uaShCXgb9C8DY0gZ+RcW9U+CcaDJwWhgZuy5IG2TBAAGa5lbEyRcYPQxD+/aE6b1F/WA==",
      "dev": true,
      "license": "MIT",
      "dependencies": {
        "@solana/addresses": "8.4.0",
        "@solana/codecs-core": "8.4.0",
        "@solana/codecs-data-structures": "8.4.0",
        "@solana/codecs-numbers": "8.4.0",
        "@solana/errors": "8.4.0",
        "@solana/functional": "8.4.0",
        "@solana/instructions": "8.4.0",
        "@solana/nominal-types": "8.4.0",
        "@solana/rpc-types": "8.4.0"
      },
      "engines": {
        "node": ">=20.18.0"
      },
      "peerDependencies": {
        "typescript": ">=5.4.0"
      },
      "peerDependenciesMeta": {
        "typescript": {
          "optional": true
        }
      }
    },
    "node_modules/@types/node": {
      "version": "22.20.2",
      "resolved": "https://registry.npmjs.org/@types/node/-/node-22.20.2.tgz",
      "integrity": "sha512-xlvWf4Vs9n1PEVYwP1n4vvG07M6y8WgvJ2t0vbrWTmijsIHp1cS+uJ2kMIRdY3nHZK0nCYKrPeD171+SzF4/zw==",
      "dev": true,
      "license": "MIT",
      "dependencies": {
        "undici-types": "~6.21.0"
      }
    },
    "node_modules/age-encryption": {
      "version": "0.3.1",
      "resolved": "https://registry.npmjs.org/age-encryption/-/age-encryption-0.3.1.tgz",
      "integrity": "sha512-bYgd7lxM7tEANmb9bXf7xTFB3Qpq+JGKinVSdFh5MV+t2fJJZSTdKhWkvXTFJQGysZd+K9Dt3F+n+4DKazXlnQ==",
      "license": "BSD-3-Clause",
      "dependencies": {
        "@noble/ciphers": "^2.1.1",
        "@noble/curves": "^2.0.1",
        "@noble/hashes": "^2.0.1",
        "@noble/post-quantum": "^0.5.3",
        "@scure/base": "^2.0.0"
      }
    },
    "node_modules/ajv": {
      "version": "8.20.0",
      "resolved": "https://registry.npmjs.org/ajv/-/ajv-8.20.0.tgz",
      "integrity": "sha512-Thbli+OlOj+iMPYFBVBfJ3OmCAnaSyNn4M1vz9T6Gka5Jt9ba/HIR56joy65tY6kx/FCF5VXNB819Y7/GUrBGA==",
      "dev": true,
      "license": "MIT",
      "dependencies": {
        "fast-deep-equal": "^3.1.3",
        "fast-uri": "^3.0.1",
        "json-schema-traverse": "^1.0.0",
        "require-from-string": "^2.0.2"
      },
      "funding": {
        "type": "github",
        "url": "https://github.com/sponsors/epoberezkin"
      }
    },
    "node_modules/ajv-formats": {
      "version": "3.0.1",
      "resolved": "https://registry.npmjs.org/ajv-formats/-/ajv-formats-3.0.1.tgz",
      "integrity": "sha512-8iUql50EUR+uUcdRQ3HDqa6EVyo3docL8g5WJ3FNcWmu62IbkGUue/pEyLBW8VGKKucTPgqeks4fIU1DA4yowQ==",
      "dev": true,
      "license": "MIT",
      "dependencies": {
        "ajv": "^8.0.0"
      },
      "peerDependencies": {
        "ajv": "^8.0.0"
      },
      "peerDependenciesMeta": {
        "ajv": {
          "optional": true
        }
      }
    },
    "node_modules/canonicalize": {
      "version": "5.1.0",
      "resolved": "https://registry.npmjs.org/canonicalize/-/canonicalize-5.1.0.tgz",
      "integrity": "sha512-bab9+WefZljqQ8jT0qRwVmTyzAUU63K97QIQD3agynIBrb6sa5M2eAy8Hv8K3p4V9+ONVYZKtGYl4Dg+/5Gumw==",
      "license": "Apache-2.0",
      "bin": {
        "canonicalize": "bin/canonicalize.js"
      },
      "engines": {
        "node": ">=22"
      }
    },
    "node_modules/chalk": {
      "version": "5.6.2",
      "resolved": "https://registry.npmjs.org/chalk/-/chalk-5.6.2.tgz",
      "integrity": "sha512-7NzBL0rN6fMUW+f7A6Io4h40qQlG+xGmtMxfbnH/K7TAtt8JQWVQK+6g0UXKMeVJoyV5EkkNsErQ8pVD3bLHbA==",
      "dev": true,
      "license": "MIT",
      "engines": {
        "node": "^12.17.0 || ^14.13 || >=16.0.0"
      },
      "funding": {
        "url": "https://github.com/chalk/chalk?sponsor=1"
      }
    },
    "node_modules/commander": {
      "version": "15.0.0",
      "resolved": "https://registry.npmjs.org/commander/-/commander-15.0.0.tgz",
      "integrity": "sha512-z67u4ZhzCL/Tydu1lJARtEZYWbWaN7oYLHbsuzocr6y4N6WZAagG3RQ4FW61V1/0+jImpj293XfrcYnd1qxtPg==",
      "dev": true,
      "license": "MIT",
      "engines": {
        "node": ">=22.12.0"
      }
    },
    "node_modules/fast-deep-equal": {
      "version": "3.1.3",
      "resolved": "https://registry.npmjs.org/fast-deep-equal/-/fast-deep-equal-3.1.3.tgz",
      "integrity": "sha512-f3qQ9oQy9j2AhBe/H9VC91wLmKBCCU/gDOnKNAYG5hswO7BLKj09Hc5HYNz9cGI++xlpDCIgDaitVs03ATR84Q==",
      "dev": true,
      "license": "MIT"
    },
    "node_modules/fast-uri": {
      "version": "3.1.8",
      "resolved": "https://registry.npmjs.org/fast-uri/-/fast-uri-3.1.8.tgz",
      "integrity": "sha512-GZMtZUTNRpOVIECoXwLNZS5xUGE+mVNbTB8h/7Rwh2TFWcBQiPzTgyZi05BF9UMZKkLJv8XBRJTlU7zg8+ZfMg==",
      "dev": true,
      "funding": [
        {
          "type": "github",
          "url": "https://github.com/sponsors/fastify"
        },
        {
          "type": "opencollective",
          "url": "https://opencollective.com/fastify"
        }
      ],
      "license": "BSD-3-Clause"
    },
    "node_modules/json-schema-traverse": {
      "version": "1.0.0",
      "resolved": "https://registry.npmjs.org/json-schema-traverse/-/json-schema-traverse-1.0.0.tgz",
      "integrity": "sha512-NM8/P9n3XjXhIZn1lLhkFaACTOURQXjWhV4BA/RnOv8xvgqtqpAX9IO4mRQxSx1Rlo4tqzeqb0sOlruaOy3dug==",
      "dev": true,
      "license": "MIT"
    },
    "node_modules/require-from-string": {
      "version": "2.0.2",
      "resolved": "https://registry.npmjs.org/require-from-string/-/require-from-string-2.0.2.tgz",
      "integrity": "sha512-Xf0nWe6RseziFMu+Ap9biiUbmplq6S9/p+7w7YXP/JBHhrUDDUhwa+vANyubuqfZWTveU//DYVGsDG7RKL/vEw==",
      "dev": true,
      "license": "MIT",
      "engines": {
        "node": ">=0.10.0"
      }
    },
    "node_modules/typescript": {
      "version": "5.9.3",
      "resolved": "https://registry.npmjs.org/typescript/-/typescript-5.9.3.tgz",
      "integrity": "sha512-jl1vZzPDinLr9eUt3J/t7V6FgNEw9QjvBPdysz9KfQDD41fQrC2Y4vKQdiaUpFT4bXlb1RHhLpp8wtm6M5TgSw==",
      "dev": true,
      "license": "Apache-2.0",
      "bin": {
        "tsc": "bin/tsc",
        "tsserver": "bin/tsserver"
      },
      "engines": {
        "node": ">=14.17"
      }
    },
    "node_modules/undici-types": {
      "version": "6.21.0",
      "resolved": "https://registry.npmjs.org/undici-types/-/undici-types-6.21.0.tgz",
      "integrity": "sha512-iwDZqg0QAGrg9Rav5H4n0M64c3mkR59cJ6wQp+7C4nI0gsmExaedaYLNO44eT4AtBBwjbTiGPMlt2Md0T9H9JQ==",
      "dev": true,
      "license": "MIT"
    }
  }
}
